# THIS IS AN AUTOGENERATED FILE. DO NOT EDIT THIS FILE DIRECTLY.
# yarn lockfile v1


mobx@^6.3.3:
  version "6.3.3"
  resolved "https://registry.yarnpkg.com/mobx/-/mobx-6.3.3.tgz#a3006c56243b1c7ea4ee671a66f963b9f43cf1af"
  integrity sha512-JoNU50rO6d1wHwKPJqKq4rmUMbYnI9CsJmBo+Cu4exBYenFvIN77LWrZENpzW6reZPADtXMmB1DicbDSfy8Clw==
